
Microsoft Visual Studio Solution File, Format Version 12.00
# Visual Studio Version 16
VisualStudioVersion = 16.0.29519.181
MinimumVisualStudioVersion = 10.0.40219.1
Project("{FAE04EC0-301F-11D3-BF4B-00C04F79EFBC}") = "LibraryWebApp", "LibraryWebApp\LibraryWebApp.csproj", "{F4D0CDEB-6B29-46BA-9954-98297158E64B}"
EndProject
Global
	GlobalSection(SolutionConfigurationPlatforms) = preSolution
		Debug|Any CPU = Debug|Any CPU
		Release|Any CPU = Release|Any CPU
	EndGlobalSection
	GlobalSection(ProjectConfigurationPlatforms) = postSolution
		{F4D0CDEB-6B29-46BA-9954-98297158E64B}.Debug|Any CPU.ActiveCfg = Debug|Any CPU
		{F4D0CDEB-6B29-46BA-9954-98297158E64B}.Debug|Any CPU.Build.0 = Debug|Any CPU
		{F4D0CDEB-6B29-46BA-9954-98297158E64B}.Release|Any CPU.ActiveCfg = Release|Any CPU
		{F4D0CDEB-6B29-46BA-9954-98297158E64B}.Release|Any CPU.Build.0 = Release|Any CPU
	EndGlobalSection
	GlobalSection(SolutionProperties) = preSolution
		HideSolutionNode = FALSE
	EndGlobalSection
	GlobalSection(ExtensibilityGlobals) = postSolution
		SolutionGuid = {A9429A1E-E859-42A0-9F15-73DBD73B2BAC}
	EndGlobalSection
EndGlobal
